
Microsoft Visual Studio Solution File, Format Version 12.00
# Visual Studio Version 17
VisualStudioVersion = 17.4.33103.184
MinimumVisualStudioVersion = 10.0.40219.1
Project("{FAE04EC0-301F-11D3-BF4B-00C04F79EFBC}") = "CalendarApp", "CalendarApp\CalendarApp.csproj", "{C5355DDF-FD65-4E4E-8987-4FBAFF193A57}"
EndProject
Global
	GlobalSection(SolutionConfigurationPlatforms) = preSolution
		Debug|Any CPU = Debug|Any CPU
		Release|Any CPU = Release|Any CPU
	EndGlobalSection
	GlobalSection(ProjectConfigurationPlatforms) = postSolution
		{C5355DDF-FD65-4E4E-8987-4FBAFF193A57}.Debug|Any CPU.ActiveCfg = Debug|Any CPU
		{C5355DDF-FD65-4E4E-8987-4FBAFF193A57}.Debug|Any CPU.Build.0 = Debug|Any CPU
		{C5355DDF-FD65-4E4E-8987-4FBAFF193A57}.Release|Any CPU.ActiveCfg = Release|Any CPU
		{C5355DDF-FD65-4E4E-8987-4FBAFF193A57}.Release|Any CPU.Build.0 = Release|Any CPU
	EndGlobalSection
	GlobalSection(SolutionProperties) = preSolution
		HideSolutionNode = FALSE
	EndGlobalSection
	GlobalSection(ExtensibilityGlobals) = postSolution
		SolutionGuid = {AD8DA57A-25A4-430E-B7B8-C9E25D6F7E26}
	EndGlobalSection
EndGlobal
